{
  "name": "pixi-fps",
  "version": "0.1.0",
  "lockfileVersion": 1,
  "requires": true,
  "dependencies": {
    "@types/pixi.js": {
      "version": "4.8.0",
      "resolved": "https://registry.npmjs.org/@types/pixi.js/-/pixi.js-4.8.0.tgz",
      "integrity": "sha512-XAnOxKMyJdb0OBaJUuu17kUzR2KWKLKrOPR7laPyPYbK7faGfQjt0ueYXdTlFVDdqXPBh653+ozO0LKdLWPD3Q==",
      "dev": true
    }
  }
}
